
Microsoft Visual Studio Solution File, Format Version 12.00
# Visual Studio 2012
Project("{FAE04EC0-301F-11D3-BF4B-00C04F79EFBC}") = "WumpusHunt", "WumpusHunt\WumpusHunt.csproj", "{F04B5397-430B-4D3C-8530-BCE8C296E6E2}"
EndProject
Project("{FAE04EC0-301F-11D3-BF4B-00C04F79EFBC}") = "WumpusHuntExe", "WumpusHuntExe\WumpusHuntExe.csproj", "{494E79D0-E735-4B41-801D-0948E0DA8BD8}"
EndProject
Global
	GlobalSection(SolutionConfigurationPlatforms) = preSolution
		Debug|Any CPU = Debug|Any CPU
		Release|Any CPU = Release|Any CPU
	EndGlobalSection
	GlobalSection(ProjectConfigurationPlatforms) = postSolution
		{F04B5397-430B-4D3C-8530-BCE8C296E6E2}.Debug|Any CPU.ActiveCfg = Debug|Any CPU
		{F04B5397-430B-4D3C-8530-BCE8C296E6E2}.Debug|Any CPU.Build.0 = Debug|Any CPU
		{F04B5397-430B-4D3C-8530-BCE8C296E6E2}.Release|Any CPU.ActiveCfg = Release|Any CPU
		{F04B5397-430B-4D3C-8530-BCE8C296E6E2}.Release|Any CPU.Build.0 = Release|Any CPU
		{494E79D0-E735-4B41-801D-0948E0DA8BD8}.Debug|Any CPU.ActiveCfg = Debug|Any CPU
		{494E79D0-E735-4B41-801D-0948E0DA8BD8}.Debug|Any CPU.Build.0 = Debug|Any CPU
		{494E79D0-E735-4B41-801D-0948E0DA8BD8}.Release|Any CPU.ActiveCfg = Release|Any CPU
		{494E79D0-E735-4B41-801D-0948E0DA8BD8}.Release|Any CPU.Build.0 = Release|Any CPU
	EndGlobalSection
	GlobalSection(SolutionProperties) = preSolution
		HideSolutionNode = FALSE
	EndGlobalSection
EndGlobal
